
Microsoft Visual Studio Solution File, Format Version 12.00
# Visual Studio Version 16
VisualStudioVersion = 16.0.31729.503
MinimumVisualStudioVersion = 10.0.40219.1
Project("{9A19103F-16F7-4668-BE54-9A1E7A4F7556}") = "PersonServiceMinimalAPI", "PersonServiceMinimalAPI\PersonServiceMinimalAPI.csproj", "{9C9D2AE6-EC69-4B0F-AFF8-B7667BC81A84}"
EndProject
Global
	GlobalSection(SolutionConfigurationPlatforms) = preSolution
		Debug|Any CPU = Debug|Any CPU
		Release|Any CPU = Release|Any CPU
	EndGlobalSection
	GlobalSection(ProjectConfigurationPlatforms) = postSolution
		{9C9D2AE6-EC69-4B0F-AFF8-B7667BC81A84}.Debug|Any CPU.ActiveCfg = Debug|Any CPU
		{9C9D2AE6-EC69-4B0F-AFF8-B7667BC81A84}.Debug|Any CPU.Build.0 = Debug|Any CPU
		{9C9D2AE6-EC69-4B0F-AFF8-B7667BC81A84}.Release|Any CPU.ActiveCfg = Release|Any CPU
		{9C9D2AE6-EC69-4B0F-AFF8-B7667BC81A84}.Release|Any CPU.Build.0 = Release|Any CPU
	EndGlobalSection
	GlobalSection(SolutionProperties) = preSolution
		HideSolutionNode = FALSE
	EndGlobalSection
	GlobalSection(ExtensibilityGlobals) = postSolution
		SolutionGuid = {3F647FE2-83B1-4CE0-AC7F-6BDA80154C67}
	EndGlobalSection
EndGlobal
